
Microsoft Visual Studio Solution File, Format Version 12.00
# Visual Studio Version 18
VisualStudioVersion = 18.0.11222.15 d18.0
MinimumVisualStudioVersion = 10.0.40219.1
Project("{FAE04EC0-301F-11D3-BF4B-00C04F79EFBC}") = "Polymetiq.EmailServices", "src\Polymetiq.EmailServices\Polymetiq.EmailServices.csproj", "{339B32AC-A67D-47B1-9205-A3DE08F6176E}"
EndProject
Global
	GlobalSection(SolutionConfigurationPlatforms) = preSolution
		Debug|Any CPU = Debug|Any CPU
		Release|Any CPU = Release|Any CPU
	EndGlobalSection
	GlobalSection(ProjectConfigurationPlatforms) = postSolution
		{339B32AC-A67D-47B1-9205-A3DE08F6176E}.Debug|Any CPU.ActiveCfg = Debug|Any CPU
		{339B32AC-A67D-47B1-9205-A3DE08F6176E}.Debug|Any CPU.Build.0 = Debug|Any CPU
		{339B32AC-A67D-47B1-9205-A3DE08F6176E}.Release|Any CPU.ActiveCfg = Release|Any CPU
		{339B32AC-A67D-47B1-9205-A3DE08F6176E}.Release|Any CPU.Build.0 = Release|Any CPU
	EndGlobalSection
	GlobalSection(SolutionProperties) = preSolution
		HideSolutionNode = FALSE
	EndGlobalSection
	GlobalSection(ExtensibilityGlobals) = postSolution
		SolutionGuid = {B86CA05D-DBBC-46FE-BDB9-C6B30CCA932D}
	EndGlobalSection
EndGlobal
